// !$*UTF8*$!
{
	archiveVersion = 1;
	classes = {
	};
	objectVersion = 50;
	objects = {

/* Begin PBXBuildFile section */
		551F3704247F687800D7413B /* Intents.intentdefinition in Sources */ = {isa = PBXBuildFile; fileRef = 551F3703247F687800D7413B /* Intents.intentdefinition */; settings = {ATTRIBUTES = (no_codegen, ); }; };
		551F3705247F687800D7413B /* Intents.intentdefinition in Sources */ = {isa = PBXBuildFile; fileRef = 551F3703247F687800D7413B /* Intents.intentdefinition */; };
		5551259B247CF3CE00B8F845 /* TaskManager.swift in Sources */ = {isa = PBXBuildFile; fileRef = 55514EF0247A7675008BAD5C /* TaskManager.swift */; };
		5551259F247CF82200B8F845 /* libTODOKit.a in Frameworks */ = {isa = PBXBuildFile; fileRef = 55512594247CF3C400B8F845 /* libTODOKit.a */; };
		55514EDB2479800A008BAD5C /* AppDelegate.swift in Sources */ = {isa = PBXBuildFile; fileRef = 55514EDA2479800A008BAD5C /* AppDelegate.swift */; };
		55514EDD2479800A008BAD5C /* SceneDelegate.swift in Sources */ = {isa = PBXBuildFile; fileRef = 55514EDC2479800A008BAD5C /* SceneDelegate.swift */; };
		55514EDF2479800A008BAD5C /* HistoryViewController.swift in Sources */ = {isa = PBXBuildFile; fileRef = 55514EDE2479800A008BAD5C /* HistoryViewController.swift */; };
		55514EE22479800A008BAD5C /* Main.storyboard in Resources */ = {isa = PBXBuildFile; fileRef = 55514EE02479800A008BAD5C /* Main.storyboard */; };
		55514EE424798011008BAD5C /* Assets.xcassets in Resources */ = {isa = PBXBuildFile; fileRef = 55514EE324798011008BAD5C /* Assets.xcassets */; };
		55514EE724798011008BAD5C /* LaunchScreen.storyboard in Resources */ = {isa = PBXBuildFile; fileRef = 55514EE524798011008BAD5C /* LaunchScreen.storyboard */; };
		55514EEF24798EF7008BAD5C /* NewTaskViewController.swift in Sources */ = {isa = PBXBuildFile; fileRef = 55514EEE24798EF7008BAD5C /* NewTaskViewController.swift */; };
/* End PBXBuildFile section */

/* Begin PBXContainerItemProxy section */
		5551259C247CF44300B8F845 /* PBXContainerItemProxy */ = {
			isa = PBXContainerItemProxy;
			containerPortal = 55514ECF2479800A008BAD5C /* Project object */;
			proxyType = 1;
			remoteGlobalIDString = 55512593247CF3C400B8F845;
			remoteInfo = TODOKit;
		};
/* End PBXContainerItemProxy section */

/* Begin PBXCopyFilesBuildPhase section */
		55512592247CF3C400B8F845 /* CopyFiles */ = {
			isa = PBXCopyFilesBuildPhase;
			buildActionMask = 2147483647;
			dstPath = "include/$(PRODUCT_NAME)";
			dstSubfolderSpec = 16;
			files = (
			);
			runOnlyForDeploymentPostprocessing = 0;
		};
/* End PBXCopyFilesBuildPhase section */

/* Begin PBXFileReference section */
		551F3703247F687800D7413B /* Intents.intentdefinition */ = {isa = PBXFileReference; lastKnownFileType = file.intentdefinition; path = Intents.intentdefinition; sourceTree = "<group>"; };
		55512594247CF3C400B8F845 /* libTODOKit.a */ = {isa = PBXFileReference; explicitFileType = archive.ar; includeInIndex = 0; path = libTODOKit.a; sourceTree = BUILT_PRODUCTS_DIR; };
		55514ED72479800A008BAD5C /* TODO-App.app */ = {isa = PBXFileReference; explicitFileType = wrapper.application; includeInIndex = 0; path = "TODO-App.app"; sourceTree = BUILT_PRODUCTS_DIR; };
		55514EDA2479800A008BAD5C /* AppDelegate.swift */ = {isa = PBXFileReference; lastKnownFileType = sourcecode.swift; path = AppDelegate.swift; sourceTree = "<group>"; };
		55514EDC2479800A008BAD5C /* SceneDelegate.swift */ = {isa = PBXFileReference; lastKnownFileType = sourcecode.swift; path = SceneDelegate.swift; sourceTree = "<group>"; };
		55514EDE2479800A008BAD5C /* HistoryViewController.swift */ = {isa = PBXFileReference; lastKnownFileType = sourcecode.swift; path = HistoryViewController.swift; sourceTree = "<group>"; };
		55514EE12479800A008BAD5C /* Base */ = {isa = PBXFileReference; lastKnownFileType = file.storyboard; name = Base; path = Base.lproj/Main.storyboard; sourceTree = "<group>"; };
		55514EE324798011008BAD5C /* Assets.xcassets */ = {isa = PBXFileReference; lastKnownFileType = folder.assetcatalog; path = Assets.xcassets; sourceTree = "<group>"; };
		55514EE624798011008BAD5C /* Base */ = {isa = PBXFileReference; lastKnownFileType = file.storyboard; name = Base; path = Base.lproj/LaunchScreen.storyboard; sourceTree = "<group>"; };
		55514EE824798011008BAD5C /* Info.plist */ = {isa = PBXFileReference; lastKnownFileType = text.plist.xml; path = Info.plist; sourceTree = "<group>"; };
		55514EEE24798EF7008BAD5C /* NewTaskViewController.swift */ = {isa = PBXFileReference; lastKnownFileType = sourcecode.swift; path = NewTaskViewController.swift; sourceTree = "<group>"; };
		55514EF0247A7675008BAD5C /* TaskManager.swift */ = {isa = PBXFileReference; lastKnownFileType = sourcecode.swift; path = TaskManager.swift; sourceTree = "<group>"; };
/* End PBXFileReference section */

/* Begin PBXFrameworksBuildPhase section */
		55512591247CF3C400B8F845 /* Frameworks */ = {
			isa = PBXFrameworksBuildPhase;
			buildActionMask = 2147483647;
			files = (
			);
			runOnlyForDeploymentPostprocessing = 0;
		};
		55514ED42479800A008BAD5C /* Frameworks */ = {
			isa = PBXFrameworksBuildPhase;
			buildActionMask = 2147483647;
			files = (
				5551259F247CF82200B8F845 /* libTODOKit.a in Frameworks */,
			);
			runOnlyForDeploymentPostprocessing = 0;
		};
/* End PBXFrameworksBuildPhase section */

/* Begin PBXGroup section */
		5551258F247CF24600B8F845 /* assets */ = {
			isa = PBXGroup;
			children = (
				55514EE02479800A008BAD5C /* Main.storyboard */,
				55514EE324798011008BAD5C /* Assets.xcassets */,
				55514EE524798011008BAD5C /* LaunchScreen.storyboard */,
			);
			path = assets;
			sourceTree = "<group>";
		};
		55512595247CF3C400B8F845 /* TODOKit */ = {
			isa = PBXGroup;
			children = (
				55514EF0247A7675008BAD5C /* TaskManager.swift */,
				551F3703247F687800D7413B /* Intents.intentdefinition */,
			);
			path = TODOKit;
			sourceTree = "<group>";
		};
		5551259E247CF82200B8F845 /* Frameworks */ = {
			isa = PBXGroup;
			children = (
			);
			name = Frameworks;
			sourceTree = "<group>";
		};
		55514ECE2479800A008BAD5C = {
			isa = PBXGroup;
			children = (
				55514ED92479800A008BAD5C /* TODO-App */,
				55512595247CF3C400B8F845 /* TODOKit */,
				55514ED82479800A008BAD5C /* Products */,
				5551259E247CF82200B8F845 /* Frameworks */,
			);
			sourceTree = "<group>";
		};
		55514ED82479800A008BAD5C /* Products */ = {
			isa = PBXGroup;
			children = (
				55514ED72479800A008BAD5C /* TODO-App.app */,
				55512594247CF3C400B8F845 /* libTODOKit.a */,
			);
			name = Products;
			sourceTree = "<group>";
		};
		55514ED92479800A008BAD5C /* TODO-App */ = {
			isa = PBXGroup;
			children = (
				55514EDA2479800A008BAD5C /* AppDelegate.swift */,
				55514EDC2479800A008BAD5C /* SceneDelegate.swift */,
				55514EDE2479800A008BAD5C /* HistoryViewController.swift */,
				55514EEE24798EF7008BAD5C /* NewTaskViewController.swift */,
				5551258F247CF24600B8F845 /* assets */,
				55514EE824798011008BAD5C /* Info.plist */,
			);
			path = "TODO-App";
			sourceTree = "<group>";
		};
/* End PBXGroup section */

/* Begin PBXNativeTarget section */
		55512593247CF3C400B8F845 /* TODOKit */ = {
			isa = PBXNativeTarget;
			buildConfigurationList = 55512598247CF3C400B8F845 /* Build configuration list for PBXNativeTarget "TODOKit" */;
			buildPhases = (
				55512590247CF3C400B8F845 /* Sources */,
				55512591247CF3C400B8F845 /* Frameworks */,
				55512592247CF3C400B8F845 /* CopyFiles */,
			);
			buildRules = (
			);
			dependencies = (
			);
			name = TODOKit;
			productName = TODOKit;
			productReference = 55512594247CF3C400B8F845 /* libTODOKit.a */;
			productType = "com.apple.product-type.library.static";
		};
		55514ED62479800A008BAD5C /* TODO-App */ = {
			isa = PBXNativeTarget;
			buildConfigurationList = 55514EEB24798011008BAD5C /* Build configuration list for PBXNativeTarget "TODO-App" */;
			buildPhases = (
				55514ED32479800A008BAD5C /* Sources */,
				55514ED42479800A008BAD5C /* Frameworks */,
				55514ED52479800A008BAD5C /* Resources */,
			);
			buildRules = (
			);
			dependencies = (
				5551259D247CF44300B8F845 /* PBXTargetDependency */,
			);
			name = "TODO-App";
			productName = "TODO-App";
			productReference = 55514ED72479800A008BAD5C /* TODO-App.app */;
			productType = "com.apple.product-type.application";
		};
/* End PBXNativeTarget section */

/* Begin PBXProject section */
		55514ECF2479800A008BAD5C /* Project object */ = {
			isa = PBXProject;
			attributes = {
				LastSwiftUpdateCheck = 1140;
				LastUpgradeCheck = 1140;
				ORGANIZATIONNAME = "Ashis Laha";
				TargetAttributes = {
					55512593247CF3C400B8F845 = {
						CreatedOnToolsVersion = 11.4.1;
					};
					55514ED62479800A008BAD5C = {
						CreatedOnToolsVersion = 11.4.1;
					};
				};
			};
			buildConfigurationList = 55514ED22479800A008BAD5C /* Build configuration list for PBXProject "TODO-App" */;
			compatibilityVersion = "Xcode 9.3";
			developmentRegion = en;
			hasScannedForEncodings = 0;
			knownRegions = (
				en,
				Base,
			);
			mainGroup = 55514ECE2479800A008BAD5C;
			productRefGroup = 55514ED82479800A008BAD5C /* Products */;
			projectDirPath = "";
			projectRoot = "";
			targets = (
				55514ED62479800A008BAD5C /* TODO-App */,
				55512593247CF3C400B8F845 /* TODOKit */,
			);
		};
/* End PBXProject section */

/* Begin PBXResourcesBuildPhase section */
		55514ED52479800A008BAD5C /* Resources */ = {
			isa = PBXResourcesBuildPhase;
			buildActionMask = 2147483647;
			files = (
				55514EE724798011008BAD5C /* LaunchScreen.storyboard in Resources */,
				55514EE424798011008BAD5C /* Assets.xcassets in Resources */,
				55514EE22479800A008BAD5C /* Main.storyboard in Resources */,
			);
			runOnlyForDeploymentPostprocessing = 0;
		};
/* End PBXResourcesBuildPhase section */

/* Begin PBXSourcesBuildPhase section */
		55512590247CF3C400B8F845 /* Sources */ = {
			isa = PBXSourcesBuildPhase;
			buildActionMask = 2147483647;
			files = (
				551F3705247F687800D7413B /* Intents.intentdefinition in Sources */,
				5551259B247CF3CE00B8F845 /* TaskManager.swift in Sources */,
			);
			runOnlyForDeploymentPostprocessing = 0;
		};
		55514ED32479800A008BAD5C /* Sources */ = {
			isa = PBXSourcesBuildPhase;
			buildActionMask = 2147483647;
			files = (
				55514EDF2479800A008BAD5C /* HistoryViewController.swift in Sources */,
				55514EDB2479800A008BAD5C /* AppDelegate.swift in Sources */,
				55514EEF24798EF7008BAD5C /* NewTaskViewController.swift in Sources */,
				551F3704247F687800D7413B /* Intents.intentdefinition in Sources */,
				55514EDD2479800A008BAD5C /* SceneDelegate.swift in Sources */,
			);
			runOnlyForDeploymentPostprocessing = 0;
		};
/* End PBXSourcesBuildPhase section */

/* Begin PBXTargetDependency section */
		5551259D247CF44300B8F845 /* PBXTargetDependency */ = {
			isa = PBXTargetDependency;
			target = 55512593247CF3C400B8F845 /* TODOKit */;
			targetProxy = 5551259C247CF44300B8F845 /* PBXContainerItemProxy */;
		};
/* End PBXTargetDependency section */

/* Begin PBXVariantGroup section */
		55514EE02479800A008BAD5C /* Main.storyboard */ = {
			isa = PBXVariantGroup;
			children = (
				55514EE12479800A008BAD5C /* Base */,
			);
			name = Main.storyboard;
			sourceTree = "<group>";
		};
		55514EE524798011008BAD5C /* LaunchScreen.storyboard */ = {
			isa = PBXVariantGroup;
			children = (
				55514EE624798011008BAD5C /* Base */,
			);
			name = LaunchScreen.storyboard;
			sourceTree = "<group>";
		};
/* End PBXVariantGroup section */

/* Begin XCBuildConfiguration section */
		55512599247CF3C400B8F845 /* Debug */ = {
			isa = XCBuildConfiguration;
			buildSettings = {
				CODE_SIGN_STYLE = Automatic;
				DEVELOPMENT_TEAM = AFNUCJJ56P;
				OTHER_LDFLAGS = "-ObjC";
				PRODUCT_NAME = "$(TARGET_NAME)";
				SKIP_INSTALL = YES;
				SWIFT_VERSION = 5.0;
				TARGETED_DEVICE_FAMILY = "1,2";
			};
			name = Debug;
		};
		5551259A247CF3C400B8F845 /* Release */ = {
			isa = XCBuildConfiguration;
			buildSettings = {
				CODE_SIGN_STYLE = Automatic;
				DEVELOPMENT_TEAM = AFNUCJJ56P;
				OTHER_LDFLAGS = "-ObjC";
				PRODUCT_NAME = "$(TARGET_NAME)";
				SKIP_INSTALL = YES;
				SWIFT_VERSION = 5.0;
				TARGETED_DEVICE_FAMILY = "1,2";
			};
			name = Release;
		};
		55514EE924798011008BAD5C /* Debug */ = {
			isa = XCBuildConfiguration;
			buildSettings = {
				ALWAYS_SEARCH_USER_PATHS = NO;
				CLANG_ANALYZER_NONNULL = YES;
				CLANG_ANALYZER_NUMBER_OBJECT_CONVERSION = YES_AGGRESSIVE;
				CLANG_CXX_LANGUAGE_STANDARD = "gnu++14";
				CLANG_CXX_LIBRARY = "libc++";
				CLANG_ENABLE_MODULES = YES;
				CLANG_ENABLE_OBJC_ARC = YES;
				CLANG_ENABLE_OBJC_WEAK = YES;
				CLANG_WARN_BLOCK_CAPTURE_AUTORELEASING = YES;
				CLANG_WARN_BOOL_CONVERSION = YES;
				CLANG_WARN_COMMA = YES;
				CLANG_WARN_CONSTANT_CONVERSION = YES;
				CLANG_WARN_DEPRECATED_OBJC_IMPLEMENTATIONS = YES;
				CLANG_WARN_DIRECT_OBJC_ISA_USAGE = YES_ERROR;
				CLANG_WARN_DOCUMENTATION_COMMENTS = YES;
				CLANG_WARN_EMPTY_BODY = YES;
				CLANG_WARN_ENUM_CONVERSION = YES;
				CLANG_WARN_INFINITE_RECURSION = YES;
				CLANG_WARN_INT_CONVERSION = YES;
				CLANG_WARN_NON_LITERAL_NULL_CONVERSION = YES;
				CLANG_WARN_OBJC_IMPLICIT_RETAIN_SELF = YES;
				CLANG_WARN_OBJC_LITERAL_CONVERSION = YES;
				CLANG_WARN_OBJC_ROOT_CLASS = YES_ERROR;
				CLANG_WARN_RANGE_LOOP_ANALYSIS = YES;
				CLANG_WARN_STRICT_PROTOTYPES = YES;
				CLANG_WARN_SUSPICIOUS_MOVE = YES;
				CLANG_WARN_UNGUARDED_AVAILABILITY = YES_AGGRESSIVE;
				CLANG_WARN_UNREACHABLE_CODE = YES;
				CLANG_WARN__DUPLICATE_METHOD_MATCH = YES;
				COPY_PHASE_STRIP = NO;
				DEBUG_INFORMATION_FORMAT = dwarf;
				ENABLE_STRICT_OBJC_MSGSEND = YES;
				ENABLE_TESTABILITY = YES;
				GCC_C_LANGUAGE_STANDARD = gnu11;
				GCC_DYNAMIC_NO_PIC = NO;
				GCC_NO_COMMON_BLOCKS = YES;
				GCC_OPTIMIZATION_LEVEL = 0;
				GCC_PREPROCESSOR_DEFINITIONS = (
					"DEBUG=1",
					"$(inherited)",
				);
				GCC_WARN_64_TO_32_BIT_CONVERSION = YES;
				GCC_WARN_ABOUT_RETURN_TYPE = YES_ERROR;
				GCC_WARN_UNDECLARED_SELECTOR = YES;
				GCC_WARN_UNINITIALIZED_AUTOS = YES_AGGRESSIVE;
				GCC_WARN_UNUSED_FUNCTION = YES;
				GCC_WARN_UNUSED_VARIABLE = YES;
				IPHONEOS_DEPLOYMENT_TARGET = 13.4;
				MTL_ENABLE_DEBUG_INFO = INCLUDE_SOURCE;
				MTL_FAST_MATH = YES;
				ONLY_ACTIVE_ARCH = YES;
				SDKROOT = iphoneos;
				SWIFT_ACTIVE_COMPILATION_CONDITIONS = DEBUG;
				SWIFT_OPTIMIZATION_LEVEL = "-Onone";
			};
			name = Debug;
		};
		55514EEA24798011008BAD5C /* Release */ = {
			isa = XCBuildConfiguration;
			buildSettings = {
				ALWAYS_SEARCH_USER_PATHS = NO;
				CLANG_ANALYZER_NONNULL = YES;
				CLANG_ANALYZER_NUMBER_OBJECT_CONVERSION = YES_AGGRESSIVE;
				CLANG_CXX_LANGUAGE_STANDARD = "gnu++14";
				CLANG_CXX_LIBRARY = "libc++";
				CLANG_ENABLE_MODULES = YES;
				CLANG_ENABLE_OBJC_ARC = YES;
				CLANG_ENABLE_OBJC_WEAK = YES;
				CLANG_WARN_BLOCK_CAPTURE_AUTORELEASING = YES;
				CLANG_WARN_BOOL_CONVERSION = YES;
				CLANG_WARN_COMMA = YES;
				CLANG_WARN_CONSTANT_CONVERSION = YES;
				CLANG_WARN_DEPRECATED_OBJC_IMPLEMENTATIONS = YES;
				CLANG_WARN_DIRECT_OBJC_ISA_USAGE = YES_ERROR;
				CLANG_WARN_DOCUMENTATION_COMMENTS = YES;
				CLANG_WARN_EMPTY_BODY = YES;
				CLANG_WARN_ENUM_CONVERSION = YES;
				CLANG_WARN_INFINITE_RECURSION = YES;
				CLANG_WARN_INT_CONVERSION = YES;
				CLANG_WARN_NON_LITERAL_NULL_CONVERSION = YES;
				CLANG_WARN_OBJC_IMPLICIT_RETAIN_SELF = YES;
				CLANG_WARN_OBJC_LITERAL_CONVERSION = YES;
				CLANG_WARN_OBJC_ROOT_CLASS = YES_ERROR;
				CLANG_WARN_RANGE_LOOP_ANALYSIS = YES;
				CLANG_WARN_STRICT_PROTOTYPES = YES;
				CLANG_WARN_SUSPICIOUS_MOVE = YES;
				CLANG_WARN_UNGUARDED_AVAILABILITY = YES_AGGRESSIVE;
				CLANG_WARN_UNREACHABLE_CODE = YES;
				CLANG_WARN__DUPLICATE_METHOD_MATCH = YES;
				COPY_PHASE_STRIP = NO;
				DEBUG_INFORMATION_FORMAT = "dwarf-with-dsym";
				ENABLE_NS_ASSERTIONS = NO;
				ENABLE_STRICT_OBJC_MSGSEND = YES;
				GCC_C_LANGUAGE_STANDARD = gnu11;
				GCC_NO_COMMON_BLOCKS = YES;
				GCC_WARN_64_TO_32_BIT_CONVERSION = YES;
				GCC_WARN_ABOUT_RETURN_TYPE = YES_ERROR;
				GCC_WARN_UNDECLARED_SELECTOR = YES;
				GCC_WARN_UNINITIALIZED_AUTOS = YES_AGGRESSIVE;
				GCC_WARN_UNUSED_FUNCTION = YES;
				GCC_WARN_UNUSED_VARIABLE = YES;
				IPHONEOS_DEPLOYMENT_TARGET = 13.4;
				MTL_ENABLE_DEBUG_INFO = NO;
				MTL_FAST_MATH = YES;
				SDKROOT = iphoneos;
				SWIFT_COMPILATION_MODE = wholemodule;
				SWIFT_OPTIMIZATION_LEVEL = "-O";
				VALIDATE_PRODUCT = YES;
			};
			name = Release;
		};
		55514EEC24798011008BAD5C /* Debug */ = {
			isa = XCBuildConfiguration;
			buildSettings = {
				ASSETCATALOG_COMPILER_APPICON_NAME = AppIcon;
				CODE_SIGN_STYLE = Automatic;
				DEVELOPMENT_TEAM = AFNUCJJ56P;
				INFOPLIST_FILE = "TODO-App/Info.plist";
				LD_RUNPATH_SEARCH_PATHS = (
					"$(inherited)",
					"@executable_path/Frameworks",
				);
				PRODUCT_BUNDLE_IDENTIFIER = "com.ashis.laha.TODO-App";
				PRODUCT_NAME = "$(TARGET_NAME)";
				SWIFT_VERSION = 5.0;
				TARGETED_DEVICE_FAMILY = "1,2";
			};
			name = Debug;
		};
		55514EED24798011008BAD5C /* Release */ = {
			isa = XCBuildConfiguration;
			buildSettings = {
				ASSETCATALOG_COMPILER_APPICON_NAME = AppIcon;
				CODE_SIGN_STYLE = Automatic;
				DEVELOPMENT_TEAM = AFNUCJJ56P;
				INFOPLIST_FILE = "TODO-App/Info.plist";
				LD_RUNPATH_SEARCH_PATHS = (
					"$(inherited)",
					"@executable_path/Frameworks",
				);
				PRODUCT_BUNDLE_IDENTIFIER = "com.ashis.laha.TODO-App";
				PRODUCT_NAME = "$(TARGET_NAME)";
				SWIFT_VERSION = 5.0;
				TARGETED_DEVICE_FAMILY = "1,2";
			};
			name = Release;
		};
/* End XCBuildConfiguration section */

/* Begin XCConfigurationList section */
		55512598247CF3C400B8F845 /* Build configuration list for PBXNativeTarget "TODOKit" */ = {
			isa = XCConfigurationList;
			buildConfigurations = (
				55512599247CF3C400B8F845 /* Debug */,
				5551259A247CF3C400B8F845 /* Release */,
			);
			defaultConfigurationIsVisible = 0;
			defaultConfigurationName = Release;
		};
		55514ED22479800A008BAD5C /* Build configuration list for PBXProject "TODO-App" */ = {
			isa = XCConfigurationList;
			buildConfigurations = (
				55514EE924798011008BAD5C /* Debug */,
				55514EEA24798011008BAD5C /* Release */,
			);
			defaultConfigurationIsVisible = 0;
			defaultConfigurationName = Release;
		};
		55514EEB24798011008BAD5C /* Build configuration list for PBXNativeTarget "TODO-App" */ = {
			isa = XCConfigurationList;
			buildConfigurations = (
				55514EEC24798011008BAD5C /* Debug */,
				55514EED24798011008BAD5C /* Release */,
			);
			defaultConfigurationIsVisible = 0;
			defaultConfigurationName = Release;
		};
/* End XCConfigurationList section */
	};
	rootObject = 55514ECF2479800A008BAD5C /* Project object */;
}
